
Microsoft Visual Studio Solution File, Format Version 12.00
# Visual Studio Version 17
VisualStudioVersion = 17.0.31903.59
MinimumVisualStudioVersion = 10.0.40219.1
Project("{FAE04EC0-301F-11D3-BF4B-00C04F79EFBC}") = "BlueGate.Agent", "BlueGate.Agent\BlueGate.Agent.csproj", "{56FE5D4C-93FC-4F2F-BCB6-6A4C978C6A60}"
EndProject
Project("{FAE04EC0-301F-11D3-BF4B-00C04F79EFBC}") = "BlueGate.Common", "BlueGate.Common\BlueGate.Common.csproj", "{A99A5821-6270-422E-B063-4BEAD94AE298}"
EndProject
Project("{FAE04EC0-301F-11D3-BF4B-00C04F79EFBC}") = "BlueGate.Server", "BlueGate.Server\BlueGate.Server.csproj", "{2CBFEB38-D6E4-4D46-9A18-A393C4F832C0}"
EndProject
Global
	GlobalSection(SolutionConfigurationPlatforms) = preSolution
		Debug|Any CPU = Debug|Any CPU
		Release|Any CPU = Release|Any CPU
	EndGlobalSection
	GlobalSection(SolutionProperties) = preSolution
		HideSolutionNode = FALSE
	EndGlobalSection
	GlobalSection(ProjectConfigurationPlatforms) = postSolution
		{56FE5D4C-93FC-4F2F-BCB6-6A4C978C6A60}.Debug|Any CPU.ActiveCfg = Debug|Any CPU
		{56FE5D4C-93FC-4F2F-BCB6-6A4C978C6A60}.Debug|Any CPU.Build.0 = Debug|Any CPU
		{56FE5D4C-93FC-4F2F-BCB6-6A4C978C6A60}.Release|Any CPU.ActiveCfg = Release|Any CPU
		{56FE5D4C-93FC-4F2F-BCB6-6A4C978C6A60}.Release|Any CPU.Build.0 = Release|Any CPU
		{A99A5821-6270-422E-B063-4BEAD94AE298}.Debug|Any CPU.ActiveCfg = Debug|Any CPU
		{A99A5821-6270-422E-B063-4BEAD94AE298}.Debug|Any CPU.Build.0 = Debug|Any CPU
		{A99A5821-6270-422E-B063-4BEAD94AE298}.Release|Any CPU.ActiveCfg = Release|Any CPU
		{A99A5821-6270-422E-B063-4BEAD94AE298}.Release|Any CPU.Build.0 = Release|Any CPU
		{2CBFEB38-D6E4-4D46-9A18-A393C4F832C0}.Debug|Any CPU.ActiveCfg = Debug|Any CPU
		{2CBFEB38-D6E4-4D46-9A18-A393C4F832C0}.Debug|Any CPU.Build.0 = Debug|Any CPU
		{2CBFEB38-D6E4-4D46-9A18-A393C4F832C0}.Release|Any CPU.ActiveCfg = Release|Any CPU
		{2CBFEB38-D6E4-4D46-9A18-A393C4F832C0}.Release|Any CPU.Build.0 = Release|Any CPU
	EndGlobalSection
EndGlobal
